// !$*UTF8*$!
{
	archiveVersion = 1;
	classes = {
	};
	objectVersion = 46;
	objects = {

/* Begin PBXBuildFile section */
		21CDDD731AE2BA7A00D5D3FD /* AppDelegate.swift in Sources */ = {isa = PBXBuildFile; fileRef = 21CDDD721AE2BA7A00D5D3FD /* AppDelegate.swift */; };
		21CDDD751AE2BA7A00D5D3FD /* ViewController.swift in Sources */ = {isa = PBXBuildFile; fileRef = 21CDDD741AE2BA7A00D5D3FD /* ViewController.swift */; };
		21CDDD781AE2BA7A00D5D3FD /* Main.storyboard in Resources */ = {isa = PBXBuildFile; fileRef = 21CDDD761AE2BA7A00D5D3FD /* Main.storyboard */; };
		21CDDD7A1AE2BA7A00D5D3FD /* Images.xcassets in Resources */ = {isa = PBXBuildFile; fileRef = 21CDDD791AE2BA7A00D5D3FD /* Images.xcassets */; };
		21CDDD7D1AE2BA7A00D5D3FD /* LaunchScreen.xib in Resources */ = {isa = PBXBuildFile; fileRef = 21CDDD7B1AE2BA7A00D5D3FD /* LaunchScreen.xib */; };
		21CDDD891AE2BA7A00D5D3FD /* PhotoSearchExampleTests.swift in Sources */ = {isa = PBXBuildFile; fileRef = 21CDDD881AE2BA7A00D5D3FD /* PhotoSearchExampleTests.swift */; };
		21CDDDA71AE2C51F00D5D3FD /* AFHTTPRequestOperation.m in Sources */ = {isa = PBXBuildFile; fileRef = 21CDDD951AE2C51F00D5D3FD /* AFHTTPRequestOperation.m */; };
		21CDDDA81AE2C51F00D5D3FD /* AFHTTPRequestOperationManager.m in Sources */ = {isa = PBXBuildFile; fileRef = 21CDDD971AE2C51F00D5D3FD /* AFHTTPRequestOperationManager.m */; };
		21CDDDA91AE2C51F00D5D3FD /* AFHTTPSessionManager.m in Sources */ = {isa = PBXBuildFile; fileRef = 21CDDD991AE2C51F00D5D3FD /* AFHTTPSessionManager.m */; };
		21CDDDAA1AE2C51F00D5D3FD /* AFNetworkReachabilityManager.m in Sources */ = {isa = PBXBuildFile; fileRef = 21CDDD9C1AE2C51F00D5D3FD /* AFNetworkReachabilityManager.m */; };
		21CDDDAB1AE2C51F00D5D3FD /* AFSecurityPolicy.m in Sources */ = {isa = PBXBuildFile; fileRef = 21CDDD9E1AE2C51F00D5D3FD /* AFSecurityPolicy.m */; };
		21CDDDAC1AE2C51F00D5D3FD /* AFURLConnectionOperation.m in Sources */ = {isa = PBXBuildFile; fileRef = 21CDDDA01AE2C51F00D5D3FD /* AFURLConnectionOperation.m */; };
		21CDDDAD1AE2C51F00D5D3FD /* AFURLRequestSerialization.m in Sources */ = {isa = PBXBuildFile; fileRef = 21CDDDA21AE2C51F00D5D3FD /* AFURLRequestSerialization.m */; };
		21CDDDAE1AE2C51F00D5D3FD /* AFURLResponseSerialization.m in Sources */ = {isa = PBXBuildFile; fileRef = 21CDDDA41AE2C51F00D5D3FD /* AFURLResponseSerialization.m */; };
		21CDDDAF1AE2C51F00D5D3FD /* AFURLSessionManager.m in Sources */ = {isa = PBXBuildFile; fileRef = 21CDDDA61AE2C51F00D5D3FD /* AFURLSessionManager.m */; };
		21CDDDC21AE2D7A000D5D3FD /* AFNetworkActivityIndicatorManager.m in Sources */ = {isa = PBXBuildFile; fileRef = 21CDDDB21AE2D7A000D5D3FD /* AFNetworkActivityIndicatorManager.m */; };
		21CDDDC31AE2D7A000D5D3FD /* UIActivityIndicatorView+AFNetworking.m in Sources */ = {isa = PBXBuildFile; fileRef = 21CDDDB41AE2D7A000D5D3FD /* UIActivityIndicatorView+AFNetworking.m */; };
		21CDDDC41AE2D7A000D5D3FD /* UIAlertView+AFNetworking.m in Sources */ = {isa = PBXBuildFile; fileRef = 21CDDDB61AE2D7A000D5D3FD /* UIAlertView+AFNetworking.m */; };
		21CDDDC51AE2D7A000D5D3FD /* UIButton+AFNetworking.m in Sources */ = {isa = PBXBuildFile; fileRef = 21CDDDB81AE2D7A000D5D3FD /* UIButton+AFNetworking.m */; };
		21CDDDC61AE2D7A000D5D3FD /* UIImageView+AFNetworking.m in Sources */ = {isa = PBXBuildFile; fileRef = 21CDDDBA1AE2D7A000D5D3FD /* UIImageView+AFNetworking.m */; };
		21CDDDC71AE2D7A000D5D3FD /* UIProgressView+AFNetworking.m in Sources */ = {isa = PBXBuildFile; fileRef = 21CDDDBD1AE2D7A000D5D3FD /* UIProgressView+AFNetworking.m */; };
		21CDDDC81AE2D7A000D5D3FD /* UIRefreshControl+AFNetworking.m in Sources */ = {isa = PBXBuildFile; fileRef = 21CDDDBF1AE2D7A000D5D3FD /* UIRefreshControl+AFNetworking.m */; };
		21CDDDC91AE2D7A000D5D3FD /* UIWebView+AFNetworking.m in Sources */ = {isa = PBXBuildFile; fileRef = 21CDDDC11AE2D7A000D5D3FD /* UIWebView+AFNetworking.m */; };
/* End PBXBuildFile section */

/* Begin PBXContainerItemProxy section */
		21CDDD831AE2BA7A00D5D3FD /* PBXContainerItemProxy */ = {
			isa = PBXContainerItemProxy;
			containerPortal = 21CDDD651AE2BA7A00D5D3FD /* Project object */;
			proxyType = 1;
			remoteGlobalIDString = 21CDDD6C1AE2BA7A00D5D3FD;
			remoteInfo = PhotoSearchExample;
		};
/* End PBXContainerItemProxy section */

/* Begin PBXFileReference section */
		21CDDD6D1AE2BA7A00D5D3FD /* PhotoSearchExample.app */ = {isa = PBXFileReference; explicitFileType = wrapper.application; includeInIndex = 0; path = PhotoSearchExample.app; sourceTree = BUILT_PRODUCTS_DIR; };
		21CDDD711AE2BA7A00D5D3FD /* Info.plist */ = {isa = PBXFileReference; lastKnownFileType = text.plist.xml; path = Info.plist; sourceTree = "<group>"; };
		21CDDD721AE2BA7A00D5D3FD /* AppDelegate.swift */ = {isa = PBXFileReference; lastKnownFileType = sourcecode.swift; path = AppDelegate.swift; sourceTree = "<group>"; };
		21CDDD741AE2BA7A00D5D3FD /* ViewController.swift */ = {isa = PBXFileReference; lastKnownFileType = sourcecode.swift; path = ViewController.swift; sourceTree = "<group>"; };
		21CDDD771AE2BA7A00D5D3FD /* Base */ = {isa = PBXFileReference; lastKnownFileType = file.storyboard; name = Base; path = Base.lproj/Main.storyboard; sourceTree = "<group>"; };
		21CDDD791AE2BA7A00D5D3FD /* Images.xcassets */ = {isa = PBXFileReference; lastKnownFileType = folder.assetcatalog; path = Images.xcassets; sourceTree = "<group>"; };
		21CDDD7C1AE2BA7A00D5D3FD /* Base */ = {isa = PBXFileReference; lastKnownFileType = file.xib; name = Base; path = Base.lproj/LaunchScreen.xib; sourceTree = "<group>"; };
		21CDDD821AE2BA7A00D5D3FD /* PhotoSearchExampleTests.xctest */ = {isa = PBXFileReference; explicitFileType = wrapper.cfbundle; includeInIndex = 0; path = PhotoSearchExampleTests.xctest; sourceTree = BUILT_PRODUCTS_DIR; };
		21CDDD871AE2BA7A00D5D3FD /* Info.plist */ = {isa = PBXFileReference; lastKnownFileType = text.plist.xml; path = Info.plist; sourceTree = "<group>"; };
		21CDDD881AE2BA7A00D5D3FD /* PhotoSearchExampleTests.swift */ = {isa = PBXFileReference; lastKnownFileType = sourcecode.swift; path = PhotoSearchExampleTests.swift; sourceTree = "<group>"; };
		21CDDD921AE2C46100D5D3FD /* bridge.h */ = {isa = PBXFileReference; lastKnownFileType = sourcecode.c.h; path = bridge.h; sourceTree = "<group>"; };
		21CDDD941AE2C51F00D5D3FD /* AFHTTPRequestOperation.h */ = {isa = PBXFileReference; fileEncoding = 4; lastKnownFileType = sourcecode.c.h; path = AFHTTPRequestOperation.h; sourceTree = "<group>"; };
		21CDDD951AE2C51F00D5D3FD /* AFHTTPRequestOperation.m */ = {isa = PBXFileReference; fileEncoding = 4; lastKnownFileType = sourcecode.c.objc; path = AFHTTPRequestOperation.m; sourceTree = "<group>"; };
		21CDDD961AE2C51F00D5D3FD /* AFHTTPRequestOperationManager.h */ = {isa = PBXFileReference; fileEncoding = 4; lastKnownFileType = sourcecode.c.h; path = AFHTTPRequestOperationManager.h; sourceTree = "<group>"; };
		21CDDD971AE2C51F00D5D3FD /* AFHTTPRequestOperationManager.m */ = {isa = PBXFileReference; fileEncoding = 4; lastKnownFileType = sourcecode.c.objc; path = AFHTTPRequestOperationManager.m; sourceTree = "<group>"; };
		21CDDD981AE2C51F00D5D3FD /* AFHTTPSessionManager.h */ = {isa = PBXFileReference; fileEncoding = 4; lastKnownFileType = sourcecode.c.h; path = AFHTTPSessionManager.h; sourceTree = "<group>"; };
		21CDDD991AE2C51F00D5D3FD /* AFHTTPSessionManager.m */ = {isa = PBXFileReference; fileEncoding = 4; lastKnownFileType = sourcecode.c.objc; path = AFHTTPSessionManager.m; sourceTree = "<group>"; };
		21CDDD9A1AE2C51F00D5D3FD /* AFNetworking.h */ = {isa = PBXFileReference; fileEncoding = 4; lastKnownFileType = sourcecode.c.h; path = AFNetworking.h; sourceTree = "<group>"; };
		21CDDD9B1AE2C51F00D5D3FD /* AFNetworkReachabilityManager.h */ = {isa = PBXFileReference; fileEncoding = 4; lastKnownFileType = sourcecode.c.h; path = AFNetworkReachabilityManager.h; sourceTree = "<group>"; };
		21CDDD9C1AE2C51F00D5D3FD /* AFNetworkReachabilityManager.m */ = {isa = PBXFileReference; fileEncoding = 4; lastKnownFileType = sourcecode.c.objc; path = AFNetworkReachabilityManager.m; sourceTree = "<group>"; };
		21CDDD9D1AE2C51F00D5D3FD /* AFSecurityPolicy.h */ = {isa = PBXFileReference; fileEncoding = 4; lastKnownFileType = sourcecode.c.h; path = AFSecurityPolicy.h; sourceTree = "<group>"; };
		21CDDD9E1AE2C51F00D5D3FD /* AFSecurityPolicy.m */ = {isa = PBXFileReference; fileEncoding = 4; lastKnownFileType = sourcecode.c.objc; path = AFSecurityPolicy.m; sourceTree = "<group>"; };
		21CDDD9F1AE2C51F00D5D3FD /* AFURLConnectionOperation.h */ = {isa = PBXFileReference; fileEncoding = 4; lastKnownFileType = sourcecode.c.h; path = AFURLConnectionOperation.h; sourceTree = "<group>"; };
		21CDDDA01AE2C51F00D5D3FD /* AFURLConnectionOperation.m */ = {isa = PBXFileReference; fileEncoding = 4; lastKnownFileType = sourcecode.c.objc; path = AFURLConnectionOperation.m; sourceTree = "<group>"; };
		21CDDDA11AE2C51F00D5D3FD /* AFURLRequestSerialization.h */ = {isa = PBXFileReference; fileEncoding = 4; lastKnownFileType = sourcecode.c.h; path = AFURLRequestSerialization.h; sourceTree = "<group>"; };
		21CDDDA21AE2C51F00D5D3FD /* AFURLRequestSerialization.m */ = {isa = PBXFileReference; fileEncoding = 4; lastKnownFileType = sourcecode.c.objc; path = AFURLRequestSerialization.m; sourceTree = "<group>"; };
		21CDDDA31AE2C51F00D5D3FD /* AFURLResponseSerialization.h */ = {isa = PBXFileReference; fileEncoding = 4; lastKnownFileType = sourcecode.c.h; path = AFURLResponseSerialization.h; sourceTree = "<group>"; };
		21CDDDA41AE2C51F00D5D3FD /* AFURLResponseSerialization.m */ = {isa = PBXFileReference; fileEncoding = 4; lastKnownFileType = sourcecode.c.objc; path = AFURLResponseSerialization.m; sourceTree = "<group>"; };
		21CDDDA51AE2C51F00D5D3FD /* AFURLSessionManager.h */ = {isa = PBXFileReference; fileEncoding = 4; lastKnownFileType = sourcecode.c.h; path = AFURLSessionManager.h; sourceTree = "<group>"; };
		21CDDDA61AE2C51F00D5D3FD /* AFURLSessionManager.m */ = {isa = PBXFileReference; fileEncoding = 4; lastKnownFileType = sourcecode.c.objc; path = AFURLSessionManager.m; sourceTree = "<group>"; };
		21CDDDB11AE2D7A000D5D3FD /* AFNetworkActivityIndicatorManager.h */ = {isa = PBXFileReference; fileEncoding = 4; lastKnownFileType = sourcecode.c.h; path = AFNetworkActivityIndicatorManager.h; sourceTree = "<group>"; };
		21CDDDB21AE2D7A000D5D3FD /* AFNetworkActivityIndicatorManager.m */ = {isa = PBXFileReference; fileEncoding = 4; lastKnownFileType = sourcecode.c.objc; path = AFNetworkActivityIndicatorManager.m; sourceTree = "<group>"; };
		21CDDDB31AE2D7A000D5D3FD /* UIActivityIndicatorView+AFNetworking.h */ = {isa = PBXFileReference; fileEncoding = 4; lastKnownFileType = sourcecode.c.h; path = "UIActivityIndicatorView+AFNetworking.h"; sourceTree = "<group>"; };
		21CDDDB41AE2D7A000D5D3FD /* UIActivityIndicatorView+AFNetworking.m */ = {isa = PBXFileReference; fileEncoding = 4; lastKnownFileType = sourcecode.c.objc; path = "UIActivityIndicatorView+AFNetworking.m"; sourceTree = "<group>"; };
		21CDDDB51AE2D7A000D5D3FD /* UIAlertView+AFNetworking.h */ = {isa = PBXFileReference; fileEncoding = 4; lastKnownFileType = sourcecode.c.h; path = "UIAlertView+AFNetworking.h"; sourceTree = "<group>"; };
		21CDDDB61AE2D7A000D5D3FD /* UIAlertView+AFNetworking.m */ = {isa = PBXFileReference; fileEncoding = 4; lastKnownFileType = sourcecode.c.objc; path = "UIAlertView+AFNetworking.m"; sourceTree = "<group>"; };
		21CDDDB71AE2D7A000D5D3FD /* UIButton+AFNetworking.h */ = {isa = PBXFileReference; fileEncoding = 4; lastKnownFileType = sourcecode.c.h; path = "UIButton+AFNetworking.h"; sourceTree = "<group>"; };
		21CDDDB81AE2D7A000D5D3FD /* UIButton+AFNetworking.m */ = {isa = PBXFileReference; fileEncoding = 4; lastKnownFileType = sourcecode.c.objc; path = "UIButton+AFNetworking.m"; sourceTree = "<group>"; };
		21CDDDB91AE2D7A000D5D3FD /* UIImageView+AFNetworking.h */ = {isa = PBXFileReference; fileEncoding = 4; lastKnownFileType = sourcecode.c.h; path = "UIImageView+AFNetworking.h"; sourceTree = "<group>"; };
		21CDDDBA1AE2D7A000D5D3FD /* UIImageView+AFNetworking.m */ = {isa = PBXFileReference; fileEncoding = 4; lastKnownFileType = sourcecode.c.objc; path = "UIImageView+AFNetworking.m"; sourceTree = "<group>"; };
		21CDDDBB1AE2D7A000D5D3FD /* UIKit+AFNetworking.h */ = {isa = PBXFileReference; fileEncoding = 4; lastKnownFileType = sourcecode.c.h; path = "UIKit+AFNetworking.h"; sourceTree = "<group>"; };
		21CDDDBC1AE2D7A000D5D3FD /* UIProgressView+AFNetworking.h */ = {isa = PBXFileReference; fileEncoding = 4; lastKnownFileType = sourcecode.c.h; path = "UIProgressView+AFNetworking.h"; sourceTree = "<group>"; };
		21CDDDBD1AE2D7A000D5D3FD /* UIProgressView+AFNetworking.m */ = {isa = PBXFileReference; fileEncoding = 4; lastKnownFileType = sourcecode.c.objc; path = "UIProgressView+AFNetworking.m"; sourceTree = "<group>"; };
		21CDDDBE1AE2D7A000D5D3FD /* UIRefreshControl+AFNetworking.h */ = {isa = PBXFileReference; fileEncoding = 4; lastKnownFileType = sourcecode.c.h; path = "UIRefreshControl+AFNetworking.h"; sourceTree = "<group>"; };
		21CDDDBF1AE2D7A000D5D3FD /* UIRefreshControl+AFNetworking.m */ = {isa = PBXFileReference; fileEncoding = 4; lastKnownFileType = sourcecode.c.objc; path = "UIRefreshControl+AFNetworking.m"; sourceTree = "<group>"; };
		21CDDDC01AE2D7A000D5D3FD /* UIWebView+AFNetworking.h */ = {isa = PBXFileReference; fileEncoding = 4; lastKnownFileType = sourcecode.c.h; path = "UIWebView+AFNetworking.h"; sourceTree = "<group>"; };
		21CDDDC11AE2D7A000D5D3FD /* UIWebView+AFNetworking.m */ = {isa = PBXFileReference; fileEncoding = 4; lastKnownFileType = sourcecode.c.objc; path = "UIWebView+AFNetworking.m"; sourceTree = "<group>"; };
/* End PBXFileReference section */

/* Begin PBXFrameworksBuildPhase section */
		21CDDD6A1AE2BA7A00D5D3FD /* Frameworks */ = {
			isa = PBXFrameworksBuildPhase;
			buildActionMask = 2147483647;
			files = (
			);
			runOnlyForDeploymentPostprocessing = 0;
		};
		21CDDD7F1AE2BA7A00D5D3FD /* Frameworks */ = {
			isa = PBXFrameworksBuildPhase;
			buildActionMask = 2147483647;
			files = (
			);
			runOnlyForDeploymentPostprocessing = 0;
		};
/* End PBXFrameworksBuildPhase section */

/* Begin PBXGroup section */
		21CDDD641AE2BA7A00D5D3FD = {
			isa = PBXGroup;
			children = (
				21CDDD921AE2C46100D5D3FD /* bridge.h */,
				21CDDDB01AE2D7A000D5D3FD /* UIKit+AFNetworking */,
				21CDDD931AE2C51F00D5D3FD /* AFNetworking */,
				21CDDD6F1AE2BA7A00D5D3FD /* PhotoSearchExample */,
				21CDDD851AE2BA7A00D5D3FD /* PhotoSearchExampleTests */,
				21CDDD6E1AE2BA7A00D5D3FD /* Products */,
			);
			sourceTree = "<group>";
		};
		21CDDD6E1AE2BA7A00D5D3FD /* Products */ = {
			isa = PBXGroup;
			children = (
				21CDDD6D1AE2BA7A00D5D3FD /* PhotoSearchExample.app */,
				21CDDD821AE2BA7A00D5D3FD /* PhotoSearchExampleTests.xctest */,
			);
			name = Products;
			sourceTree = "<group>";
		};
		21CDDD6F1AE2BA7A00D5D3FD /* PhotoSearchExample */ = {
			isa = PBXGroup;
			children = (
				21CDDD721AE2BA7A00D5D3FD /* AppDelegate.swift */,
				21CDDD741AE2BA7A00D5D3FD /* ViewController.swift */,
				21CDDD761AE2BA7A00D5D3FD /* Main.storyboard */,
				21CDDD791AE2BA7A00D5D3FD /* Images.xcassets */,
				21CDDD7B1AE2BA7A00D5D3FD /* LaunchScreen.xib */,
				21CDDD701AE2BA7A00D5D3FD /* Supporting Files */,
			);
			path = PhotoSearchExample;
			sourceTree = "<group>";
		};
		21CDDD701AE2BA7A00D5D3FD /* Supporting Files */ = {
			isa = PBXGroup;
			children = (
				21CDDD711AE2BA7A00D5D3FD /* Info.plist */,
			);
			name = "Supporting Files";
			sourceTree = "<group>";
		};
		21CDDD851AE2BA7A00D5D3FD /* PhotoSearchExampleTests */ = {
			isa = PBXGroup;
			children = (
				21CDDD881AE2BA7A00D5D3FD /* PhotoSearchExampleTests.swift */,
				21CDDD861AE2BA7A00D5D3FD /* Supporting Files */,
			);
			path = PhotoSearchExampleTests;
			sourceTree = "<group>";
		};
		21CDDD861AE2BA7A00D5D3FD /* Supporting Files */ = {
			isa = PBXGroup;
			children = (
				21CDDD871AE2BA7A00D5D3FD /* Info.plist */,
			);
			name = "Supporting Files";
			sourceTree = "<group>";
		};
		21CDDD931AE2C51F00D5D3FD /* AFNetworking */ = {
			isa = PBXGroup;
			children = (
				21CDDD941AE2C51F00D5D3FD /* AFHTTPRequestOperation.h */,
				21CDDD951AE2C51F00D5D3FD /* AFHTTPRequestOperation.m */,
				21CDDD961AE2C51F00D5D3FD /* AFHTTPRequestOperationManager.h */,
				21CDDD971AE2C51F00D5D3FD /* AFHTTPRequestOperationManager.m */,
				21CDDD981AE2C51F00D5D3FD /* AFHTTPSessionManager.h */,
				21CDDD991AE2C51F00D5D3FD /* AFHTTPSessionManager.m */,
				21CDDD9A1AE2C51F00D5D3FD /* AFNetworking.h */,
				21CDDD9B1AE2C51F00D5D3FD /* AFNetworkReachabilityManager.h */,
				21CDDD9C1AE2C51F00D5D3FD /* AFNetworkReachabilityManager.m */,
				21CDDD9D1AE2C51F00D5D3FD /* AFSecurityPolicy.h */,
				21CDDD9E1AE2C51F00D5D3FD /* AFSecurityPolicy.m */,
				21CDDD9F1AE2C51F00D5D3FD /* AFURLConnectionOperation.h */,
				21CDDDA01AE2C51F00D5D3FD /* AFURLConnectionOperation.m */,
				21CDDDA11AE2C51F00D5D3FD /* AFURLRequestSerialization.h */,
				21CDDDA21AE2C51F00D5D3FD /* AFURLRequestSerialization.m */,
				21CDDDA31AE2C51F00D5D3FD /* AFURLResponseSerialization.h */,
				21CDDDA41AE2C51F00D5D3FD /* AFURLResponseSerialization.m */,
				21CDDDA51AE2C51F00D5D3FD /* AFURLSessionManager.h */,
				21CDDDA61AE2C51F00D5D3FD /* AFURLSessionManager.m */,
			);
			path = AFNetworking;
			sourceTree = "<group>";
		};
		21CDDDB01AE2D7A000D5D3FD /* UIKit+AFNetworking */ = {
			isa = PBXGroup;
			children = (
				21CDDDB11AE2D7A000D5D3FD /* AFNetworkActivityIndicatorManager.h */,
				21CDDDB21AE2D7A000D5D3FD /* AFNetworkActivityIndicatorManager.m */,
				21CDDDB31AE2D7A000D5D3FD /* UIActivityIndicatorView+AFNetworking.h */,
				21CDDDB41AE2D7A000D5D3FD /* UIActivityIndicatorView+AFNetworking.m */,
				21CDDDB51AE2D7A000D5D3FD /* UIAlertView+AFNetworking.h */,
				21CDDDB61AE2D7A000D5D3FD /* UIAlertView+AFNetworking.m */,
				21CDDDB71AE2D7A000D5D3FD /* UIButton+AFNetworking.h */,
				21CDDDB81AE2D7A000D5D3FD /* UIButton+AFNetworking.m */,
				21CDDDB91AE2D7A000D5D3FD /* UIImageView+AFNetworking.h */,
				21CDDDBA1AE2D7A000D5D3FD /* UIImageView+AFNetworking.m */,
				21CDDDBB1AE2D7A000D5D3FD /* UIKit+AFNetworking.h */,
				21CDDDBC1AE2D7A000D5D3FD /* UIProgressView+AFNetworking.h */,
				21CDDDBD1AE2D7A000D5D3FD /* UIProgressView+AFNetworking.m */,
				21CDDDBE1AE2D7A000D5D3FD /* UIRefreshControl+AFNetworking.h */,
				21CDDDBF1AE2D7A000D5D3FD /* UIRefreshControl+AFNetworking.m */,
				21CDDDC01AE2D7A000D5D3FD /* UIWebView+AFNetworking.h */,
				21CDDDC11AE2D7A000D5D3FD /* UIWebView+AFNetworking.m */,
			);
			path = "UIKit+AFNetworking";
			sourceTree = "<group>";
		};
/* End PBXGroup section */

/* Begin PBXNativeTarget section */
		21CDDD6C1AE2BA7A00D5D3FD /* PhotoSearchExample */ = {
			isa = PBXNativeTarget;
			buildConfigurationList = 21CDDD8C1AE2BA7A00D5D3FD /* Build configuration list for PBXNativeTarget "PhotoSearchExample" */;
			buildPhases = (
				21CDDD691AE2BA7A00D5D3FD /* Sources */,
				21CDDD6A1AE2BA7A00D5D3FD /* Frameworks */,
				21CDDD6B1AE2BA7A00D5D3FD /* Resources */,
			);
			buildRules = (
			);
			dependencies = (
			);
			name = PhotoSearchExample;
			productName = PhotoSearchExample;
			productReference = 21CDDD6D1AE2BA7A00D5D3FD /* PhotoSearchExample.app */;
			productType = "com.apple.product-type.application";
		};
		21CDDD811AE2BA7A00D5D3FD /* PhotoSearchExampleTests */ = {
			isa = PBXNativeTarget;
			buildConfigurationList = 21CDDD8F1AE2BA7A00D5D3FD /* Build configuration list for PBXNativeTarget "PhotoSearchExampleTests" */;
			buildPhases = (
				21CDDD7E1AE2BA7A00D5D3FD /* Sources */,
				21CDDD7F1AE2BA7A00D5D3FD /* Frameworks */,
				21CDDD801AE2BA7A00D5D3FD /* Resources */,
			);
			buildRules = (
			);
			dependencies = (
				21CDDD841AE2BA7A00D5D3FD /* PBXTargetDependency */,
			);
			name = PhotoSearchExampleTests;
			productName = PhotoSearchExampleTests;
			productReference = 21CDDD821AE2BA7A00D5D3FD /* PhotoSearchExampleTests.xctest */;
			productType = "com.apple.product-type.bundle.unit-test";
		};
/* End PBXNativeTarget section */

/* Begin PBXProject section */
		21CDDD651AE2BA7A00D5D3FD /* Project object */ = {
			isa = PBXProject;
			attributes = {
				LastUpgradeCheck = 0630;
				ORGANIZATIONNAME = "Aaron Ackerman";
				TargetAttributes = {
					21CDDD6C1AE2BA7A00D5D3FD = {
						CreatedOnToolsVersion = 6.3;
					};
					21CDDD811AE2BA7A00D5D3FD = {
						CreatedOnToolsVersion = 6.3;
						TestTargetID = 21CDDD6C1AE2BA7A00D5D3FD;
					};
				};
			};
			buildConfigurationList = 21CDDD681AE2BA7A00D5D3FD /* Build configuration list for PBXProject "PhotoSearchExample" */;
			compatibilityVersion = "Xcode 3.2";
			developmentRegion = English;
			hasScannedForEncodings = 0;
			knownRegions = (
				en,
				Base,
			);
			mainGroup = 21CDDD641AE2BA7A00D5D3FD;
			productRefGroup = 21CDDD6E1AE2BA7A00D5D3FD /* Products */;
			projectDirPath = "";
			projectRoot = "";
			targets = (
				21CDDD6C1AE2BA7A00D5D3FD /* PhotoSearchExample */,
				21CDDD811AE2BA7A00D5D3FD /* PhotoSearchExampleTests */,
			);
		};
/* End PBXProject section */

/* Begin PBXResourcesBuildPhase section */
		21CDDD6B1AE2BA7A00D5D3FD /* Resources */ = {
			isa = PBXResourcesBuildPhase;
			buildActionMask = 2147483647;
			files = (
				21CDDD781AE2BA7A00D5D3FD /* Main.storyboard in Resources */,
				21CDDD7D1AE2BA7A00D5D3FD /* LaunchScreen.xib in Resources */,
				21CDDD7A1AE2BA7A00D5D3FD /* Images.xcassets in Resources */,
			);
			runOnlyForDeploymentPostprocessing = 0;
		};
		21CDDD801AE2BA7A00D5D3FD /* Resources */ = {
			isa = PBXResourcesBuildPhase;
			buildActionMask = 2147483647;
			files = (
			);
			runOnlyForDeploymentPostprocessing = 0;
		};
/* End PBXResourcesBuildPhase section */

/* Begin PBXSourcesBuildPhase section */
		21CDDD691AE2BA7A00D5D3FD /* Sources */ = {
			isa = PBXSourcesBuildPhase;
			buildActionMask = 2147483647;
			files = (
				21CDDDAD1AE2C51F00D5D3FD /* AFURLRequestSerialization.m in Sources */,
				21CDDDAC1AE2C51F00D5D3FD /* AFURLConnectionOperation.m in Sources */,
				21CDDDC41AE2D7A000D5D3FD /* UIAlertView+AFNetworking.m in Sources */,
				21CDDDAB1AE2C51F00D5D3FD /* AFSecurityPolicy.m in Sources */,
				21CDDDA71AE2C51F00D5D3FD /* AFHTTPRequestOperation.m in Sources */,
				21CDDDAF1AE2C51F00D5D3FD /* AFURLSessionManager.m in Sources */,
				21CDDDAE1AE2C51F00D5D3FD /* AFURLResponseSerialization.m in Sources */,
				21CDDD751AE2BA7A00D5D3FD /* ViewController.swift in Sources */,
				21CDDDC71AE2D7A000D5D3FD /* UIProgressView+AFNetworking.m in Sources */,
				21CDDDA91AE2C51F00D5D3FD /* AFHTTPSessionManager.m in Sources */,
				21CDDDC21AE2D7A000D5D3FD /* AFNetworkActivityIndicatorManager.m in Sources */,
				21CDDDA81AE2C51F00D5D3FD /* AFHTTPRequestOperationManager.m in Sources */,
				21CDDDC61AE2D7A000D5D3FD /* UIImageView+AFNetworking.m in Sources */,
				21CDDDC51AE2D7A000D5D3FD /* UIButton+AFNetworking.m in Sources */,
				21CDDDC81AE2D7A000D5D3FD /* UIRefreshControl+AFNetworking.m in Sources */,
				21CDDDC91AE2D7A000D5D3FD /* UIWebView+AFNetworking.m in Sources */,
				21CDDDAA1AE2C51F00D5D3FD /* AFNetworkReachabilityManager.m in Sources */,
				21CDDD731AE2BA7A00D5D3FD /* AppDelegate.swift in Sources */,
				21CDDDC31AE2D7A000D5D3FD /* UIActivityIndicatorView+AFNetworking.m in Sources */,
			);
			runOnlyForDeploymentPostprocessing = 0;
		};
		21CDDD7E1AE2BA7A00D5D3FD /* Sources */ = {
			isa = PBXSourcesBuildPhase;
			buildActionMask = 2147483647;
			files = (
				21CDDD891AE2BA7A00D5D3FD /* PhotoSearchExampleTests.swift in Sources */,
			);
			runOnlyForDeploymentPostprocessing = 0;
		};
/* End PBXSourcesBuildPhase section */

/* Begin PBXTargetDependency section */
		21CDDD841AE2BA7A00D5D3FD /* PBXTargetDependency */ = {
			isa = PBXTargetDependency;
			target = 21CDDD6C1AE2BA7A00D5D3FD /* PhotoSearchExample */;
			targetProxy = 21CDDD831AE2BA7A00D5D3FD /* PBXContainerItemProxy */;
		};
/* End PBXTargetDependency section */

/* Begin PBXVariantGroup section */
		21CDDD761AE2BA7A00D5D3FD /* Main.storyboard */ = {
			isa = PBXVariantGroup;
			children = (
				21CDDD771AE2BA7A00D5D3FD /* Base */,
			);
			name = Main.storyboard;
			sourceTree = "<group>";
		};
		21CDDD7B1AE2BA7A00D5D3FD /* LaunchScreen.xib */ = {
			isa = PBXVariantGroup;
			children = (
				21CDDD7C1AE2BA7A00D5D3FD /* Base */,
			);
			name = LaunchScreen.xib;
			sourceTree = "<group>";
		};
/* End PBXVariantGroup section */

/* Begin XCBuildConfiguration section */
		21CDDD8A1AE2BA7A00D5D3FD /* Debug */ = {
			isa = XCBuildConfiguration;
			buildSettings = {
				ALWAYS_SEARCH_USER_PATHS = NO;
				CLANG_CXX_LANGUAGE_STANDARD = "gnu++0x";
				CLANG_CXX_LIBRARY = "libc++";
				CLANG_ENABLE_MODULES = YES;
				CLANG_ENABLE_OBJC_ARC = YES;
				CLANG_WARN_BOOL_CONVERSION = YES;
				CLANG_WARN_CONSTANT_CONVERSION = YES;
				CLANG_WARN_DIRECT_OBJC_ISA_USAGE = YES_ERROR;
				CLANG_WARN_EMPTY_BODY = YES;
				CLANG_WARN_ENUM_CONVERSION = YES;
				CLANG_WARN_INT_CONVERSION = YES;
				CLANG_WARN_OBJC_ROOT_CLASS = YES_ERROR;
				CLANG_WARN_UNREACHABLE_CODE = YES;
				CLANG_WARN__DUPLICATE_METHOD_MATCH = YES;
				"CODE_SIGN_IDENTITY[sdk=iphoneos*]" = "iPhone Developer";
				COPY_PHASE_STRIP = NO;
				DEBUG_INFORMATION_FORMAT = "dwarf-with-dsym";
				ENABLE_STRICT_OBJC_MSGSEND = YES;
				GCC_C_LANGUAGE_STANDARD = gnu99;
				GCC_DYNAMIC_NO_PIC = NO;
				GCC_NO_COMMON_BLOCKS = YES;
				GCC_OPTIMIZATION_LEVEL = 0;
				GCC_PREPROCESSOR_DEFINITIONS = (
					"DEBUG=1",
					"$(inherited)",
				);
				GCC_SYMBOLS_PRIVATE_EXTERN = NO;
				GCC_WARN_64_TO_32_BIT_CONVERSION = YES;
				GCC_WARN_ABOUT_RETURN_TYPE = YES_ERROR;
				GCC_WARN_UNDECLARED_SELECTOR = YES;
				GCC_WARN_UNINITIALIZED_AUTOS = YES_AGGRESSIVE;
				GCC_WARN_UNUSED_FUNCTION = YES;
				GCC_WARN_UNUSED_VARIABLE = YES;
				IPHONEOS_DEPLOYMENT_TARGET = 8.3;
				MTL_ENABLE_DEBUG_INFO = YES;
				ONLY_ACTIVE_ARCH = YES;
				SDKROOT = iphoneos;
				SWIFT_OPTIMIZATION_LEVEL = "-Onone";
				TARGETED_DEVICE_FAMILY = "1,2";
			};
			name = Debug;
		};
		21CDDD8B1AE2BA7A00D5D3FD /* Release */ = {
			isa = XCBuildConfiguration;
			buildSettings = {
				ALWAYS_SEARCH_USER_PATHS = NO;
				CLANG_CXX_LANGUAGE_STANDARD = "gnu++0x";
				CLANG_CXX_LIBRARY = "libc++";
				CLANG_ENABLE_MODULES = YES;
				CLANG_ENABLE_OBJC_ARC = YES;
				CLANG_WARN_BOOL_CONVERSION = YES;
				CLANG_WARN_CONSTANT_CONVERSION = YES;
				CLANG_WARN_DIRECT_OBJC_ISA_USAGE = YES_ERROR;
				CLANG_WARN_EMPTY_BODY = YES;
				CLANG_WARN_ENUM_CONVERSION = YES;
				CLANG_WARN_INT_CONVERSION = YES;
				CLANG_WARN_OBJC_ROOT_CLASS = YES_ERROR;
				CLANG_WARN_UNREACHABLE_CODE = YES;
				CLANG_WARN__DUPLICATE_METHOD_MATCH = YES;
				"CODE_SIGN_IDENTITY[sdk=iphoneos*]" = "iPhone Developer";
				COPY_PHASE_STRIP = NO;
				DEBUG_INFORMATION_FORMAT = "dwarf-with-dsym";
				ENABLE_NS_ASSERTIONS = NO;
				ENABLE_STRICT_OBJC_MSGSEND = YES;
				GCC_C_LANGUAGE_STANDARD = gnu99;
				GCC_NO_COMMON_BLOCKS = YES;
				GCC_WARN_64_TO_32_BIT_CONVERSION = YES;
				GCC_WARN_ABOUT_RETURN_TYPE = YES_ERROR;
				GCC_WARN_UNDECLARED_SELECTOR = YES;
				GCC_WARN_UNINITIALIZED_AUTOS = YES_AGGRESSIVE;
				GCC_WARN_UNUSED_FUNCTION = YES;
				GCC_WARN_UNUSED_VARIABLE = YES;
				IPHONEOS_DEPLOYMENT_TARGET = 8.3;
				MTL_ENABLE_DEBUG_INFO = NO;
				SDKROOT = iphoneos;
				TARGETED_DEVICE_FAMILY = "1,2";
				VALIDATE_PRODUCT = YES;
			};
			name = Release;
		};
		21CDDD8D1AE2BA7A00D5D3FD /* Debug */ = {
			isa = XCBuildConfiguration;
			buildSettings = {
				ASSETCATALOG_COMPILER_APPICON_NAME = AppIcon;
				DEFINES_MODULE = YES;
				INFOPLIST_FILE = PhotoSearchExample/Info.plist;
				LD_RUNPATH_SEARCH_PATHS = "$(inherited) @executable_path/Frameworks";
				PRODUCT_NAME = "$(TARGET_NAME)";
				SWIFT_OBJC_BRIDGING_HEADER = bridge.h;
			};
			name = Debug;
		};
		21CDDD8E1AE2BA7A00D5D3FD /* Release */ = {
			isa = XCBuildConfiguration;
			buildSettings = {
				ASSETCATALOG_COMPILER_APPICON_NAME = AppIcon;
				DEFINES_MODULE = YES;
				INFOPLIST_FILE = PhotoSearchExample/Info.plist;
				LD_RUNPATH_SEARCH_PATHS = "$(inherited) @executable_path/Frameworks";
				PRODUCT_NAME = "$(TARGET_NAME)";
				SWIFT_OBJC_BRIDGING_HEADER = bridge.h;
			};
			name = Release;
		};
		21CDDD901AE2BA7A00D5D3FD /* Debug */ = {
			isa = XCBuildConfiguration;
			buildSettings = {
				BUNDLE_LOADER = "$(TEST_HOST)";
				FRAMEWORK_SEARCH_PATHS = (
					"$(SDKROOT)/Developer/Library/Frameworks",
					"$(inherited)",
				);
				GCC_PREPROCESSOR_DEFINITIONS = (
					"DEBUG=1",
					"$(inherited)",
				);
				INFOPLIST_FILE = PhotoSearchExampleTests/Info.plist;
				LD_RUNPATH_SEARCH_PATHS = "$(inherited) @executable_path/Frameworks @loader_path/Frameworks";
				PRODUCT_NAME = "$(TARGET_NAME)";
				TEST_HOST = "$(BUILT_PRODUCTS_DIR)/PhotoSearchExample.app/PhotoSearchExample";
			};
			name = Debug;
		};
		21CDDD911AE2BA7A00D5D3FD /* Release */ = {
			isa = XCBuildConfiguration;
			buildSettings = {
				BUNDLE_LOADER = "$(TEST_HOST)";
				FRAMEWORK_SEARCH_PATHS = (
					"$(SDKROOT)/Developer/Library/Frameworks",
					"$(inherited)",
				);
				INFOPLIST_FILE = PhotoSearchExampleTests/Info.plist;
				LD_RUNPATH_SEARCH_PATHS = "$(inherited) @executable_path/Frameworks @loader_path/Frameworks";
				PRODUCT_NAME = "$(TARGET_NAME)";
				TEST_HOST = "$(BUILT_PRODUCTS_DIR)/PhotoSearchExample.app/PhotoSearchExample";
			};
			name = Release;
		};
/* End XCBuildConfiguration section */

/* Begin XCConfigurationList section */
		21CDDD681AE2BA7A00D5D3FD /* Build configuration list for PBXProject "PhotoSearchExample" */ = {
			isa = XCConfigurationList;
			buildConfigurations = (
				21CDDD8A1AE2BA7A00D5D3FD /* Debug */,
				21CDDD8B1AE2BA7A00D5D3FD /* Release */,
			);
			defaultConfigurationIsVisible = 0;
			defaultConfigurationName = Release;
		};
		21CDDD8C1AE2BA7A00D5D3FD /* Build configuration list for PBXNativeTarget "PhotoSearchExample" */ = {
			isa = XCConfigurationList;
			buildConfigurations = (
				21CDDD8D1AE2BA7A00D5D3FD /* Debug */,
				21CDDD8E1AE2BA7A00D5D3FD /* Release */,
			);
			defaultConfigurationIsVisible = 0;
		};
		21CDDD8F1AE2BA7A00D5D3FD /* Build configuration list for PBXNativeTarget "PhotoSearchExampleTests" */ = {
			isa = XCConfigurationList;
			buildConfigurations = (
				21CDDD901AE2BA7A00D5D3FD /* Debug */,
				21CDDD911AE2BA7A00D5D3FD /* Release */,
			);
			defaultConfigurationIsVisible = 0;
		};
/* End XCConfigurationList section */
	};
	rootObject = 21CDDD651AE2BA7A00D5D3FD /* Project object */;
}
